
Microsoft Visual Studio Solution File, Format Version 12.00
# Visual Studio 15
VisualStudioVersion = 15.0.28010.2036
MinimumVisualStudioVersion = 10.0.40219.1
Project("{FAE04EC0-301F-11D3-BF4B-00C04F79EFBC}") = "Wholesaler", "Wholesaler\Wholesaler.csproj", "{B10E0D46-0F79-4368-9244-E8BEE683CCE8}"
EndProject
Global
	GlobalSection(SolutionConfigurationPlatforms) = preSolution
		Debug|Any CPU = Debug|Any CPU
		Release|Any CPU = Release|Any CPU
	EndGlobalSection
	GlobalSection(ProjectConfigurationPlatforms) = postSolution
		{B10E0D46-0F79-4368-9244-E8BEE683CCE8}.Debug|Any CPU.ActiveCfg = Debug|Any CPU
		{B10E0D46-0F79-4368-9244-E8BEE683CCE8}.Debug|Any CPU.Build.0 = Debug|Any CPU
		{B10E0D46-0F79-4368-9244-E8BEE683CCE8}.Release|Any CPU.ActiveCfg = Release|Any CPU
		{B10E0D46-0F79-4368-9244-E8BEE683CCE8}.Release|Any CPU.Build.0 = Release|Any CPU
	EndGlobalSection
	GlobalSection(SolutionProperties) = preSolution
		HideSolutionNode = FALSE
	EndGlobalSection
	GlobalSection(ExtensibilityGlobals) = postSolution
		SolutionGuid = {1007DFE5-5F1D-4FD2-8DD8-340CB19AA058}
	EndGlobalSection
EndGlobal
